
Microsoft Visual Studio Solution File, Format Version 12.00
# Visual Studio Version 17
VisualStudioVersion = 17.13.35723.152 d17.13
MinimumVisualStudioVersion = 10.0.40219.1
Project("{FAE04EC0-301F-11D3-BF4B-00C04F79EFBC}") = "RSAEncryption", "RSAEncryption\RSAEncryption.csproj", "{4E8CCA02-8D36-4BC8-800B-A1ABEE629A1B}"
EndProject
Project("{FAE04EC0-301F-11D3-BF4B-00C04F79EFBC}") = "Test", "Test\Test.csproj", "{5C915C1D-318B-4F3A-9DD4-43639408399D}"
EndProject
Global
	GlobalSection(SolutionConfigurationPlatforms) = preSolution
		Debug|Any CPU = Debug|Any CPU
		Release|Any CPU = Release|Any CPU
	EndGlobalSection
	GlobalSection(ProjectConfigurationPlatforms) = postSolution
		{4E8CCA02-8D36-4BC8-800B-A1ABEE629A1B}.Debug|Any CPU.ActiveCfg = Debug|Any CPU
		{4E8CCA02-8D36-4BC8-800B-A1ABEE629A1B}.Debug|Any CPU.Build.0 = Debug|Any CPU
		{4E8CCA02-8D36-4BC8-800B-A1ABEE629A1B}.Release|Any CPU.ActiveCfg = Release|Any CPU
		{4E8CCA02-8D36-4BC8-800B-A1ABEE629A1B}.Release|Any CPU.Build.0 = Release|Any CPU
		{5C915C1D-318B-4F3A-9DD4-43639408399D}.Debug|Any CPU.ActiveCfg = Debug|Any CPU
		{5C915C1D-318B-4F3A-9DD4-43639408399D}.Debug|Any CPU.Build.0 = Debug|Any CPU
		{5C915C1D-318B-4F3A-9DD4-43639408399D}.Release|Any CPU.ActiveCfg = Release|Any CPU
		{5C915C1D-318B-4F3A-9DD4-43639408399D}.Release|Any CPU.Build.0 = Release|Any CPU
	EndGlobalSection
	GlobalSection(SolutionProperties) = preSolution
		HideSolutionNode = FALSE
	EndGlobalSection
	GlobalSection(ExtensibilityGlobals) = postSolution
		SolutionGuid = {C91BEFE1-CC8D-4AFF-97E5-03337EF3B30A}
	EndGlobalSection
EndGlobal
